PODS:
  - Capacitor (7.4.2):
    - CapacitorCordova
  - CapacitorApp (7.0.1):
    - Capacitor
  - CapacitorBrowser (7.0.1):
    - Capacitor
  - CapacitorCordova (7.4.2)

DEPENDENCIES:
  - "Capacitor (from `../../node_modules/@capacitor/ios`)"
  - "CapacitorApp (from `../../node_modules/@capacitor/app`)"
  - "CapacitorBrowser (from `../../node_modules/@capacitor/browser`)"
  - "CapacitorCordova (from `../../node_modules/@capacitor/ios`)"

EXTERNAL SOURCES:
  Capacitor:
    :path: "../../node_modules/@capacitor/ios"
  CapacitorApp:
    :path: "../../node_modules/@capacitor/app"
  CapacitorBrowser:
    :path: "../../node_modules/@capacitor/browser"
  CapacitorCordova:
    :path: "../../node_modules/@capacitor/ios"

SPEC CHECKSUMS:
  Capacitor: 9d9e481b79ffaeacaf7a85d6a11adec32bd33b59
  CapacitorApp: febecbb9582cb353aed037e18ec765141f880fe9
  CapacitorBrowser: 6299776d496e968505464884d565992faa20444a
  CapacitorCordova: 5e58d04631bc5094894ac106e2bf1da18a9e6151

PODFILE CHECKSUM: 4aff2922841799f9ef78cd5d462744c7648af68b

COCOAPODS: 1.16.2
